
Microsoft Visual Studio Solution File, Format Version 12.00
# Visual Studio Version 16
VisualStudioVersion = 16.0.31112.23
MinimumVisualStudioVersion = 10.0.40219.1
Project("{FAE04EC0-301F-11D3-BF4B-00C04F79EFBC}") = "AverageNumber", "AverageNumber\AverageNumber.csproj", "{BAE4F181-8F81-4C3A-8E6F-F9A787E722CB}"
EndProject
Global
	GlobalSection(SolutionConfigurationPlatforms) = preSolution
		Debug|Any CPU = Debug|Any CPU
		Release|Any CPU = Release|Any CPU
	EndGlobalSection
	GlobalSection(ProjectConfigurationPlatforms) = postSolution
		{BAE4F181-8F81-4C3A-8E6F-F9A787E722CB}.Debug|Any CPU.ActiveCfg = Debug|Any CPU
		{BAE4F181-8F81-4C3A-8E6F-F9A787E722CB}.Debug|Any CPU.Build.0 = Debug|Any CPU
		{BAE4F181-8F81-4C3A-8E6F-F9A787E722CB}.Release|Any CPU.ActiveCfg = Release|Any CPU
		{BAE4F181-8F81-4C3A-8E6F-F9A787E722CB}.Release|Any CPU.Build.0 = Release|Any CPU
	EndGlobalSection
	GlobalSection(SolutionProperties) = preSolution
		HideSolutionNode = FALSE
	EndGlobalSection
	GlobalSection(ExtensibilityGlobals) = postSolution
		SolutionGuid = {AC899791-68F8-4752-ADE8-7466E322A413}
	EndGlobalSection
EndGlobal
