
Microsoft Visual Studio Solution File, Format Version 12.00
# Visual Studio Version 16
VisualStudioVersion = 16.0.31129.286
MinimumVisualStudioVersion = 10.0.40219.1
Project("{FAE04EC0-301F-11D3-BF4B-00C04F79EFBC}") = "sumOfEven", "sumOfEven\sumOfEven.csproj", "{1C066DB2-DAC2-4B02-A570-9FF303BDBE9D}"
EndProject
Global
	GlobalSection(SolutionConfigurationPlatforms) = preSolution
		Debug|Any CPU = Debug|Any CPU
		Release|Any CPU = Release|Any CPU
	EndGlobalSection
	GlobalSection(ProjectConfigurationPlatforms) = postSolution
		{1C066DB2-DAC2-4B02-A570-9FF303BDBE9D}.Debug|Any CPU.ActiveCfg = Debug|Any CPU
		{1C066DB2-DAC2-4B02-A570-9FF303BDBE9D}.Debug|Any CPU.Build.0 = Debug|Any CPU
		{1C066DB2-DAC2-4B02-A570-9FF303BDBE9D}.Release|Any CPU.ActiveCfg = Release|Any CPU
		{1C066DB2-DAC2-4B02-A570-9FF303BDBE9D}.Release|Any CPU.Build.0 = Release|Any CPU
	EndGlobalSection
	GlobalSection(SolutionProperties) = preSolution
		HideSolutionNode = FALSE
	EndGlobalSection
	GlobalSection(ExtensibilityGlobals) = postSolution
		SolutionGuid = {184F87A3-2CE6-4B98-8572-CCFA7DE813A2}
	EndGlobalSection
EndGlobal
