
Microsoft Visual Studio Solution File, Format Version 12.00
# Visual Studio Version 16
VisualStudioVersion = 16.0.31112.23
MinimumVisualStudioVersion = 10.0.40219.1
Project("{FAE04EC0-301F-11D3-BF4B-00C04F79EFBC}") = "ConsoleApp1", "ConsoleApp1\ConsoleApp1.csproj", "{DA9A6185-B298-411D-A8F2-0A34B336E37F}"
EndProject
Global
	GlobalSection(SolutionConfigurationPlatforms) = preSolution
		Debug|Any CPU = Debug|Any CPU
		Release|Any CPU = Release|Any CPU
	EndGlobalSection
	GlobalSection(ProjectConfigurationPlatforms) = postSolution
		{DA9A6185-B298-411D-A8F2-0A34B336E37F}.Debug|Any CPU.ActiveCfg = Debug|Any CPU
		{DA9A6185-B298-411D-A8F2-0A34B336E37F}.Debug|Any CPU.Build.0 = Debug|Any CPU
		{DA9A6185-B298-411D-A8F2-0A34B336E37F}.Release|Any CPU.ActiveCfg = Release|Any CPU
		{DA9A6185-B298-411D-A8F2-0A34B336E37F}.Release|Any CPU.Build.0 = Release|Any CPU
	EndGlobalSection
	GlobalSection(SolutionProperties) = preSolution
		HideSolutionNode = FALSE
	EndGlobalSection
	GlobalSection(ExtensibilityGlobals) = postSolution
		SolutionGuid = {A2CDE71D-F424-4357-B1E2-BE0AB05E0AF6}
	EndGlobalSection
EndGlobal
